
Microsoft Visual Studio Solution File, Format Version 12.00
# Visual Studio Version 17
VisualStudioVersion = 17.4.33213.308
MinimumVisualStudioVersion = 10.0.40219.1
Project("{FAE04EC0-301F-11D3-BF4B-00C04F79EFBC}") = "Đặng Vũ Linh", "Đặng Vũ Linh\Đặng Vũ Linh.csproj", "{2564B580-052E-4A97-999C-E83DFD7BAE8B}"
EndProject
Global
	GlobalSection(SolutionConfigurationPlatforms) = preSolution
		Debug|Any CPU = Debug|Any CPU
		Release|Any CPU = Release|Any CPU
	EndGlobalSection
	GlobalSection(ProjectConfigurationPlatforms) = postSolution
		{2564B580-052E-4A97-999C-E83DFD7BAE8B}.Debug|Any CPU.ActiveCfg = Debug|Any CPU
		{2564B580-052E-4A97-999C-E83DFD7BAE8B}.Debug|Any CPU.Build.0 = Debug|Any CPU
		{2564B580-052E-4A97-999C-E83DFD7BAE8B}.Release|Any CPU.ActiveCfg = Release|Any CPU
		{2564B580-052E-4A97-999C-E83DFD7BAE8B}.Release|Any CPU.Build.0 = Release|Any CPU
	EndGlobalSection
	GlobalSection(SolutionProperties) = preSolution
		HideSolutionNode = FALSE
	EndGlobalSection
	GlobalSection(ExtensibilityGlobals) = postSolution
		SolutionGuid = {5DEFA925-D3F6-4BBB-87B3-0B73801305E5}
	EndGlobalSection
EndGlobal
